
Microsoft Visual Studio Solution File, Format Version 12.00
# Visual Studio 15
VisualStudioVersion = 15.0.28307.539
MinimumVisualStudioVersion = 10.0.40219.1
Project("{8BC9CEB8-8B4A-11D0-8D11-00A0C91BC942}") = "数据结构", "数据结构\数据结构.vcxproj", "{D2C1B33A-8B17-496D-859E-EB66368F8FFA}"
EndProject
Global
	GlobalSection(SolutionConfigurationPlatforms) = preSolution
		Debug|x64 = Debug|x64
		Debug|x86 = Debug|x86
		Release|x64 = Release|x64
		Release|x86 = Release|x86
	EndGlobalSection
	GlobalSection(ProjectConfigurationPlatforms) = postSolution
		{D2C1B33A-8B17-496D-859E-EB66368F8FFA}.Debug|x64.ActiveCfg = Debug|x64
		{D2C1B33A-8B17-496D-859E-EB66368F8FFA}.Debug|x64.Build.0 = Debug|x64
		{D2C1B33A-8B17-496D-859E-EB66368F8FFA}.Debug|x86.ActiveCfg = Debug|Win32
		{D2C1B33A-8B17-496D-859E-EB66368F8FFA}.Debug|x86.Build.0 = Debug|Win32
		{D2C1B33A-8B17-496D-859E-EB66368F8FFA}.Release|x64.ActiveCfg = Release|x64
		{D2C1B33A-8B17-496D-859E-EB66368F8FFA}.Release|x64.Build.0 = Release|x64
		{D2C1B33A-8B17-496D-859E-EB66368F8FFA}.Release|x86.ActiveCfg = Release|Win32
		{D2C1B33A-8B17-496D-859E-EB66368F8FFA}.Release|x86.Build.0 = Release|Win32
	EndGlobalSection
	GlobalSection(SolutionProperties) = preSolution
		HideSolutionNode = FALSE
	EndGlobalSection
	GlobalSection(ExtensibilityGlobals) = postSolution
		SolutionGuid = {2459EF5A-F462-4333-8BEE-814A06FF82EC}
	EndGlobalSection
EndGlobal
